
Microsoft Visual Studio Solution File, Format Version 12.00
# Visual Studio 15
VisualStudioVersion = 15.0.26124.0
MinimumVisualStudioVersion = 15.0.26124.0
Project("{FAE04EC0-301F-11D3-BF4B-00C04F79EFBC}") = "API", "API\API.csproj", "{BEEBDA90-1CD9-4546-AF47-9171F368A68F}"
EndProject
Project("{FAE04EC0-301F-11D3-BF4B-00C04F79EFBC}") = "Core", "Core\Core.csproj", "{CA6370EB-A618-4367-8B11-86FF4E356A56}"
EndProject
Project("{FAE04EC0-301F-11D3-BF4B-00C04F79EFBC}") = "Infrastructure", "Infrastructure\Infrastructure.csproj", "{5828C05D-A670-4E0D-9971-9D1ADA795B7F}"
EndProject
Global
	GlobalSection(SolutionConfigurationPlatforms) = preSolution
		Debug|Any CPU = Debug|Any CPU
		Debug|x64 = Debug|x64
		Debug|x86 = Debug|x86
		Release|Any CPU = Release|Any CPU
		Release|x64 = Release|x64
		Release|x86 = Release|x86
	EndGlobalSection
	GlobalSection(SolutionProperties) = preSolution
		HideSolutionNode = FALSE
	EndGlobalSection
	GlobalSection(ProjectConfigurationPlatforms) = postSolution
		{BEEBDA90-1CD9-4546-AF47-9171F368A68F}.Debug|Any CPU.ActiveCfg = Debug|Any CPU
		{BEEBDA90-1CD9-4546-AF47-9171F368A68F}.Debug|Any CPU.Build.0 = Debug|Any CPU
		{BEEBDA90-1CD9-4546-AF47-9171F368A68F}.Debug|x64.ActiveCfg = Debug|Any CPU
		{BEEBDA90-1CD9-4546-AF47-9171F368A68F}.Debug|x64.Build.0 = Debug|Any CPU
		{BEEBDA90-1CD9-4546-AF47-9171F368A68F}.Debug|x86.ActiveCfg = Debug|Any CPU
		{BEEBDA90-1CD9-4546-AF47-9171F368A68F}.Debug|x86.Build.0 = Debug|Any CPU
		{BEEBDA90-1CD9-4546-AF47-9171F368A68F}.Release|Any CPU.ActiveCfg = Release|Any CPU
		{BEEBDA90-1CD9-4546-AF47-9171F368A68F}.Release|Any CPU.Build.0 = Release|Any CPU
		{BEEBDA90-1CD9-4546-AF47-9171F368A68F}.Release|x64.ActiveCfg = Release|Any CPU
		{BEEBDA90-1CD9-4546-AF47-9171F368A68F}.Release|x64.Build.0 = Release|Any CPU
		{BEEBDA90-1CD9-4546-AF47-9171F368A68F}.Release|x86.ActiveCfg = Release|Any CPU
		{BEEBDA90-1CD9-4546-AF47-9171F368A68F}.Release|x86.Build.0 = Release|Any CPU
		{CA6370EB-A618-4367-8B11-86FF4E356A56}.Debug|Any CPU.ActiveCfg = Debug|Any CPU
		{CA6370EB-A618-4367-8B11-86FF4E356A56}.Debug|Any CPU.Build.0 = Debug|Any CPU
		{CA6370EB-A618-4367-8B11-86FF4E356A56}.Debug|x64.ActiveCfg = Debug|Any CPU
		{CA6370EB-A618-4367-8B11-86FF4E356A56}.Debug|x64.Build.0 = Debug|Any CPU
		{CA6370EB-A618-4367-8B11-86FF4E356A56}.Debug|x86.ActiveCfg = Debug|Any CPU
		{CA6370EB-A618-4367-8B11-86FF4E356A56}.Debug|x86.Build.0 = Debug|Any CPU
		{CA6370EB-A618-4367-8B11-86FF4E356A56}.Release|Any CPU.ActiveCfg = Release|Any CPU
		{CA6370EB-A618-4367-8B11-86FF4E356A56}.Release|Any CPU.Build.0 = Release|Any CPU
		{CA6370EB-A618-4367-8B11-86FF4E356A56}.Release|x64.ActiveCfg = Release|Any CPU
		{CA6370EB-A618-4367-8B11-86FF4E356A56}.Release|x64.Build.0 = Release|Any CPU
		{CA6370EB-A618-4367-8B11-86FF4E356A56}.Release|x86.ActiveCfg = Release|Any CPU
		{CA6370EB-A618-4367-8B11-86FF4E356A56}.Release|x86.Build.0 = Release|Any CPU
		{5828C05D-A670-4E0D-9971-9D1ADA795B7F}.Debug|Any CPU.ActiveCfg = Debug|Any CPU
		{5828C05D-A670-4E0D-9971-9D1ADA795B7F}.Debug|Any CPU.Build.0 = Debug|Any CPU
		{5828C05D-A670-4E0D-9971-9D1ADA795B7F}.Debug|x64.ActiveCfg = Debug|Any CPU
		{5828C05D-A670-4E0D-9971-9D1ADA795B7F}.Debug|x64.Build.0 = Debug|Any CPU
		{5828C05D-A670-4E0D-9971-9D1ADA795B7F}.Debug|x86.ActiveCfg = Debug|Any CPU
		{5828C05D-A670-4E0D-9971-9D1ADA795B7F}.Debug|x86.Build.0 = Debug|Any CPU
		{5828C05D-A670-4E0D-9971-9D1ADA795B7F}.Release|Any CPU.ActiveCfg = Release|Any CPU
		{5828C05D-A670-4E0D-9971-9D1ADA795B7F}.Release|Any CPU.Build.0 = Release|Any CPU
		{5828C05D-A670-4E0D-9971-9D1ADA795B7F}.Release|x64.ActiveCfg = Release|Any CPU
		{5828C05D-A670-4E0D-9971-9D1ADA795B7F}.Release|x64.Build.0 = Release|Any CPU
		{5828C05D-A670-4E0D-9971-9D1ADA795B7F}.Release|x86.ActiveCfg = Release|Any CPU
		{5828C05D-A670-4E0D-9971-9D1ADA795B7F}.Release|x86.Build.0 = Release|Any CPU
	EndGlobalSection
EndGlobal
